
Microsoft Visual Studio Solution File, Format Version 12.00
# Visual Studio Version 17
VisualStudioVersion = 17.5.33424.131
MinimumVisualStudioVersion = 10.0.40219.1
Project("{FAE04EC0-301F-11D3-BF4B-00C04F79EFBC}") = "HelloCSharpSayHello", "HelloCSharpSayHello\HelloCSharpSayHello.csproj", "{0974BBF0-4395-4C3F-BEE1-623F2B2EEFAE}"
EndProject
Project("{FAE04EC0-301F-11D3-BF4B-00C04F79EFBC}") = "HelloDataTypes", "HelloDataTypes\HelloDataTypes.csproj", "{6A5CE241-0E4F-4613-949A-2BEF3C5FBF53}"
EndProject
Global
	GlobalSection(SolutionConfigurationPlatforms) = preSolution
		Debug|Any CPU = Debug|Any CPU
		Release|Any CPU = Release|Any CPU
	EndGlobalSection
	GlobalSection(ProjectConfigurationPlatforms) = postSolution
		{0974BBF0-4395-4C3F-BEE1-623F2B2EEFAE}.Debug|Any CPU.ActiveCfg = Debug|Any CPU
		{0974BBF0-4395-4C3F-BEE1-623F2B2EEFAE}.Debug|Any CPU.Build.0 = Debug|Any CPU
		{0974BBF0-4395-4C3F-BEE1-623F2B2EEFAE}.Release|Any CPU.ActiveCfg = Release|Any CPU
		{0974BBF0-4395-4C3F-BEE1-623F2B2EEFAE}.Release|Any CPU.Build.0 = Release|Any CPU
		{6A5CE241-0E4F-4613-949A-2BEF3C5FBF53}.Debug|Any CPU.ActiveCfg = Debug|Any CPU
		{6A5CE241-0E4F-4613-949A-2BEF3C5FBF53}.Debug|Any CPU.Build.0 = Debug|Any CPU
		{6A5CE241-0E4F-4613-949A-2BEF3C5FBF53}.Release|Any CPU.ActiveCfg = Release|Any CPU
		{6A5CE241-0E4F-4613-949A-2BEF3C5FBF53}.Release|Any CPU.Build.0 = Release|Any CPU
	EndGlobalSection
	GlobalSection(SolutionProperties) = preSolution
		HideSolutionNode = FALSE
	EndGlobalSection
	GlobalSection(ExtensibilityGlobals) = postSolution
		SolutionGuid = {01447965-EB32-4D07-90C3-62FBBD4AF50F}
	EndGlobalSection
EndGlobal
