
Microsoft Visual Studio Solution File, Format Version 12.00
# Visual Studio Version 17
VisualStudioVersion = 17.3.32901.215
MinimumVisualStudioVersion = 10.0.40219.1
Project("{FAE04EC0-301F-11D3-BF4B-00C04F79EFBC}") = "Quizz_25.09.2022", "Quizz_25.09.2022.csproj", "{4DFE305B-8D3F-4E50-B4AD-AE87D6C6868A}"
EndProject
Global
	GlobalSection(SolutionConfigurationPlatforms) = preSolution
		Debug|Any CPU = Debug|Any CPU
		Release|Any CPU = Release|Any CPU
	EndGlobalSection
	GlobalSection(ProjectConfigurationPlatforms) = postSolution
		{4DFE305B-8D3F-4E50-B4AD-AE87D6C6868A}.Debug|Any CPU.ActiveCfg = Debug|Any CPU
		{4DFE305B-8D3F-4E50-B4AD-AE87D6C6868A}.Debug|Any CPU.Build.0 = Debug|Any CPU
		{4DFE305B-8D3F-4E50-B4AD-AE87D6C6868A}.Release|Any CPU.ActiveCfg = Release|Any CPU
		{4DFE305B-8D3F-4E50-B4AD-AE87D6C6868A}.Release|Any CPU.Build.0 = Release|Any CPU
	EndGlobalSection
	GlobalSection(SolutionProperties) = preSolution
		HideSolutionNode = FALSE
	EndGlobalSection
	GlobalSection(ExtensibilityGlobals) = postSolution
		SolutionGuid = {9105ACCE-40D8-40FC-AAE8-8BF8F59461C8}
	EndGlobalSection
EndGlobal
